
Microsoft Visual Studio Solution File, Format Version 12.00
# Visual Studio Version 16
VisualStudioVersion = 16.0.31005.135
MinimumVisualStudioVersion = 10.0.40219.1
Project("{8BC9CEB8-8B4A-11D0-8D11-00A0C91BC942}") = "Lab7P3", "Lab7P3.vcxproj", "{7475B211-ACF8-47F6-88CA-8534A67F283B}"
EndProject
Global
	GlobalSection(SolutionConfigurationPlatforms) = preSolution
		Debug|x64 = Debug|x64
		Debug|x86 = Debug|x86
		Release|x64 = Release|x64
		Release|x86 = Release|x86
	EndGlobalSection
	GlobalSection(ProjectConfigurationPlatforms) = postSolution
		{7475B211-ACF8-47F6-88CA-8534A67F283B}.Debug|x64.ActiveCfg = Debug|x64
		{7475B211-ACF8-47F6-88CA-8534A67F283B}.Debug|x64.Build.0 = Debug|x64
		{7475B211-ACF8-47F6-88CA-8534A67F283B}.Debug|x86.ActiveCfg = Debug|Win32
		{7475B211-ACF8-47F6-88CA-8534A67F283B}.Debug|x86.Build.0 = Debug|Win32
		{7475B211-ACF8-47F6-88CA-8534A67F283B}.Release|x64.ActiveCfg = Release|x64
		{7475B211-ACF8-47F6-88CA-8534A67F283B}.Release|x64.Build.0 = Release|x64
		{7475B211-ACF8-47F6-88CA-8534A67F283B}.Release|x86.ActiveCfg = Release|Win32
		{7475B211-ACF8-47F6-88CA-8534A67F283B}.Release|x86.Build.0 = Release|Win32
	EndGlobalSection
	GlobalSection(SolutionProperties) = preSolution
		HideSolutionNode = FALSE
	EndGlobalSection
	GlobalSection(ExtensibilityGlobals) = postSolution
		SolutionGuid = {8C4A5F2E-382F-42C8-836E-9155A1CBD373}
	EndGlobalSection
EndGlobal
